
Microsoft Visual Studio Solution File, Format Version 12.00
# Visual Studio Version 17
VisualStudioVersion = 17.4.33213.308
MinimumVisualStudioVersion = 10.0.40219.1
Project("{FAE04EC0-301F-11D3-BF4B-00C04F79EFBC}") = "reto_dispensables", "reto_dispensables.csproj", "{7809D63D-14A1-4481-8810-871428F89AC9}"
EndProject
Global
	GlobalSection(SolutionConfigurationPlatforms) = preSolution
		Debug|Any CPU = Debug|Any CPU
		Release|Any CPU = Release|Any CPU
	EndGlobalSection
	GlobalSection(ProjectConfigurationPlatforms) = postSolution
		{7809D63D-14A1-4481-8810-871428F89AC9}.Debug|Any CPU.ActiveCfg = Debug|Any CPU
		{7809D63D-14A1-4481-8810-871428F89AC9}.Debug|Any CPU.Build.0 = Debug|Any CPU
		{7809D63D-14A1-4481-8810-871428F89AC9}.Release|Any CPU.ActiveCfg = Release|Any CPU
		{7809D63D-14A1-4481-8810-871428F89AC9}.Release|Any CPU.Build.0 = Release|Any CPU
	EndGlobalSection
	GlobalSection(SolutionProperties) = preSolution
		HideSolutionNode = FALSE
	EndGlobalSection
	GlobalSection(ExtensibilityGlobals) = postSolution
		SolutionGuid = {C1F7831D-3AF1-4809-9CD0-87564D42C978}
	EndGlobalSection
EndGlobal
